
Microsoft Visual Studio Solution File, Format Version 12.00
# Visual Studio Version 17
VisualStudioVersion = 17.8.34330.188
MinimumVisualStudioVersion = 10.0.40219.1
Project("{FAE04EC0-301F-11D3-BF4B-00C04F79EFBC}") = "WordGoogleBackend", "WordGoogleBackend\WordGoogleBackend.csproj", "{CBBE4AE4-7AE3-4B3D-AF2B-AB25FA71968B}"
EndProject
Global
	GlobalSection(SolutionConfigurationPlatforms) = preSolution
		Debug|Any CPU = Debug|Any CPU
		Release|Any CPU = Release|Any CPU
	EndGlobalSection
	GlobalSection(ProjectConfigurationPlatforms) = postSolution
		{CBBE4AE4-7AE3-4B3D-AF2B-AB25FA71968B}.Debug|Any CPU.ActiveCfg = Debug|Any CPU
		{CBBE4AE4-7AE3-4B3D-AF2B-AB25FA71968B}.Debug|Any CPU.Build.0 = Debug|Any CPU
		{CBBE4AE4-7AE3-4B3D-AF2B-AB25FA71968B}.Release|Any CPU.ActiveCfg = Release|Any CPU
		{CBBE4AE4-7AE3-4B3D-AF2B-AB25FA71968B}.Release|Any CPU.Build.0 = Release|Any CPU
	EndGlobalSection
	GlobalSection(SolutionProperties) = preSolution
		HideSolutionNode = FALSE
	EndGlobalSection
	GlobalSection(ExtensibilityGlobals) = postSolution
		SolutionGuid = {40529532-A8D2-4006-BCF7-683C90D73DC9}
	EndGlobalSection
EndGlobal
